
Microsoft Visual Studio Solution File, Format Version 12.00
# Visual Studio 15
VisualStudioVersion = 15.0.26730.8
MinimumVisualStudioVersion = 10.0.40219.1
Project("{FAE04EC0-301F-11D3-BF4B-00C04F79EFBC}") = "ContosoUniversity1", "ContosoUniversity1\ContosoUniversity1.csproj", "{EF9BB763-C596-4FC3-8002-A077437DF8AE}"
EndProject
Global
	GlobalSection(SolutionConfigurationPlatforms) = preSolution
		Debug|Any CPU = Debug|Any CPU
		Release|Any CPU = Release|Any CPU
	EndGlobalSection
	GlobalSection(ProjectConfigurationPlatforms) = postSolution
		{EF9BB763-C596-4FC3-8002-A077437DF8AE}.Debug|Any CPU.ActiveCfg = Debug|Any CPU
		{EF9BB763-C596-4FC3-8002-A077437DF8AE}.Debug|Any CPU.Build.0 = Debug|Any CPU
		{EF9BB763-C596-4FC3-8002-A077437DF8AE}.Release|Any CPU.ActiveCfg = Release|Any CPU
		{EF9BB763-C596-4FC3-8002-A077437DF8AE}.Release|Any CPU.Build.0 = Release|Any CPU
	EndGlobalSection
	GlobalSection(SolutionProperties) = preSolution
		HideSolutionNode = FALSE
	EndGlobalSection
	GlobalSection(ExtensibilityGlobals) = postSolution
		SolutionGuid = {93F786AD-4812-45A1-B021-36372C5E7F8C}
	EndGlobalSection
EndGlobal
